
Microsoft Visual Studio Solution File, Format Version 12.00
# Visual Studio Version 16
VisualStudioVersion = 16.0.30907.101
MinimumVisualStudioVersion = 10.0.40219.1
Project("{2150E333-8FDC-42A3-9474-1A3956D46DE8}") = "1_Entities", "1_Entities", "{9D4E8890-360F-4B50-91FA-F793BE20C8A7}"
EndProject
Project("{2150E333-8FDC-42A3-9474-1A3956D46DE8}") = "2_DataAccess", "2_DataAccess", "{0F4BB49C-D7A0-4801-8A57-371E59FF3803}"
EndProject
Project("{2150E333-8FDC-42A3-9474-1A3956D46DE8}") = "3_Exceptions", "3_Exceptions", "{CCD5B602-1C12-4CD4-B42F-BAF427935670}"
EndProject
Project("{2150E333-8FDC-42A3-9474-1A3956D46DE8}") = "4_API", "4_API", "{61902F83-E081-45B6-80DF-B1D83F087C75}"
EndProject
Project("{2150E333-8FDC-42A3-9474-1A3956D46DE8}") = "5_WEB_APP", "5_WEB_APP", "{853066C8-41A5-4BE3-AC86-AFE801212436}"
EndProject
Project("{FAE04EC0-301F-11D3-BF4B-00C04F79EFBC}") = "Entities-POJO", "Entities-POJO\Entities-POJO.csproj", "{4C3C5D53-04AE-4DF6-B400-7E3950B0079D}"
EndProject
Project("{FAE04EC0-301F-11D3-BF4B-00C04F79EFBC}") = "DataAccess", "DataAccess\DataAccess.csproj", "{421A8E81-0D1E-4F64-B8C9-69E934A6CE66}"
EndProject
Project("{FAE04EC0-301F-11D3-BF4B-00C04F79EFBC}") = "Exceptions", "Exceptions\Exceptions.csproj", "{606A18B2-6227-4AB3-9409-922FA2F2BB5B}"
EndProject
Project("{FAE04EC0-301F-11D3-BF4B-00C04F79EFBC}") = "WebApi", "WebApi\WebApi.csproj", "{E5355703-9FBC-4D8A-AC98-E86E3226A307}"
EndProject
Project("{FAE04EC0-301F-11D3-BF4B-00C04F79EFBC}") = "WebUI", "WebUI\WebUI.csproj", "{D5638C04-472C-43EF-A5C3-A9B7EE5B4409}"
EndProject
Project("{FAE04EC0-301F-11D3-BF4B-00C04F79EFBC}") = "CoreApi", "CoreApi\CoreApi.csproj", "{95287186-859B-487D-960A-E7058A73BD25}"
EndProject
Global
	GlobalSection(SolutionConfigurationPlatforms) = preSolution
		Debug|Any CPU = Debug|Any CPU
		Release|Any CPU = Release|Any CPU
	EndGlobalSection
	GlobalSection(ProjectConfigurationPlatforms) = postSolution
		{4C3C5D53-04AE-4DF6-B400-7E3950B0079D}.Debug|Any CPU.ActiveCfg = Debug|Any CPU
		{4C3C5D53-04AE-4DF6-B400-7E3950B0079D}.Debug|Any CPU.Build.0 = Debug|Any CPU
		{4C3C5D53-04AE-4DF6-B400-7E3950B0079D}.Release|Any CPU.ActiveCfg = Release|Any CPU
		{4C3C5D53-04AE-4DF6-B400-7E3950B0079D}.Release|Any CPU.Build.0 = Release|Any CPU
		{421A8E81-0D1E-4F64-B8C9-69E934A6CE66}.Debug|Any CPU.ActiveCfg = Debug|Any CPU
		{421A8E81-0D1E-4F64-B8C9-69E934A6CE66}.Debug|Any CPU.Build.0 = Debug|Any CPU
		{421A8E81-0D1E-4F64-B8C9-69E934A6CE66}.Release|Any CPU.ActiveCfg = Release|Any CPU
		{421A8E81-0D1E-4F64-B8C9-69E934A6CE66}.Release|Any CPU.Build.0 = Release|Any CPU
		{606A18B2-6227-4AB3-9409-922FA2F2BB5B}.Debug|Any CPU.ActiveCfg = Debug|Any CPU
		{606A18B2-6227-4AB3-9409-922FA2F2BB5B}.Debug|Any CPU.Build.0 = Debug|Any CPU
		{606A18B2-6227-4AB3-9409-922FA2F2BB5B}.Release|Any CPU.ActiveCfg = Release|Any CPU
		{606A18B2-6227-4AB3-9409-922FA2F2BB5B}.Release|Any CPU.Build.0 = Release|Any CPU
		{E5355703-9FBC-4D8A-AC98-E86E3226A307}.Debug|Any CPU.ActiveCfg = Debug|Any CPU
		{E5355703-9FBC-4D8A-AC98-E86E3226A307}.Debug|Any CPU.Build.0 = Debug|Any CPU
		{E5355703-9FBC-4D8A-AC98-E86E3226A307}.Release|Any CPU.ActiveCfg = Release|Any CPU
		{E5355703-9FBC-4D8A-AC98-E86E3226A307}.Release|Any CPU.Build.0 = Release|Any CPU
		{D5638C04-472C-43EF-A5C3-A9B7EE5B4409}.Debug|Any CPU.ActiveCfg = Debug|Any CPU
		{D5638C04-472C-43EF-A5C3-A9B7EE5B4409}.Debug|Any CPU.Build.0 = Debug|Any CPU
		{D5638C04-472C-43EF-A5C3-A9B7EE5B4409}.Release|Any CPU.ActiveCfg = Release|Any CPU
		{D5638C04-472C-43EF-A5C3-A9B7EE5B4409}.Release|Any CPU.Build.0 = Release|Any CPU
		{95287186-859B-487D-960A-E7058A73BD25}.Debug|Any CPU.ActiveCfg = Debug|Any CPU
		{95287186-859B-487D-960A-E7058A73BD25}.Debug|Any CPU.Build.0 = Debug|Any CPU
		{95287186-859B-487D-960A-E7058A73BD25}.Release|Any CPU.ActiveCfg = Release|Any CPU
		{95287186-859B-487D-960A-E7058A73BD25}.Release|Any CPU.Build.0 = Release|Any CPU
	EndGlobalSection
	GlobalSection(SolutionProperties) = preSolution
		HideSolutionNode = FALSE
	EndGlobalSection
	GlobalSection(NestedProjects) = preSolution
		{4C3C5D53-04AE-4DF6-B400-7E3950B0079D} = {9D4E8890-360F-4B50-91FA-F793BE20C8A7}
		{421A8E81-0D1E-4F64-B8C9-69E934A6CE66} = {0F4BB49C-D7A0-4801-8A57-371E59FF3803}
		{606A18B2-6227-4AB3-9409-922FA2F2BB5B} = {CCD5B602-1C12-4CD4-B42F-BAF427935670}
		{E5355703-9FBC-4D8A-AC98-E86E3226A307} = {61902F83-E081-45B6-80DF-B1D83F087C75}
		{D5638C04-472C-43EF-A5C3-A9B7EE5B4409} = {853066C8-41A5-4BE3-AC86-AFE801212436}
		{95287186-859B-487D-960A-E7058A73BD25} = {61902F83-E081-45B6-80DF-B1D83F087C75}
	EndGlobalSection
	GlobalSection(ExtensibilityGlobals) = postSolution
		SolutionGuid = {569C853B-F9BD-43C7-B954-8115662F54F5}
	EndGlobalSection
EndGlobal
